
Microsoft Visual Studio Solution File, Format Version 12.00
# Visual Studio Version 16
VisualStudioVersion = 16.0.30011.22
MinimumVisualStudioVersion = 10.0.40219.1
Project("{FAE04EC0-301F-11D3-BF4B-00C04F79EFBC}") = "spline", "spline\spline.csproj", "{D43588E4-A355-4EBF-A1EA-574C61DCD3E5}"
EndProject
Global
	GlobalSection(SolutionConfigurationPlatforms) = preSolution
		Debug|Any CPU = Debug|Any CPU
		Release|Any CPU = Release|Any CPU
	EndGlobalSection
	GlobalSection(ProjectConfigurationPlatforms) = postSolution
		{D43588E4-A355-4EBF-A1EA-574C61DCD3E5}.Debug|Any CPU.ActiveCfg = Debug|Any CPU
		{D43588E4-A355-4EBF-A1EA-574C61DCD3E5}.Debug|Any CPU.Build.0 = Debug|Any CPU
		{D43588E4-A355-4EBF-A1EA-574C61DCD3E5}.Release|Any CPU.ActiveCfg = Release|Any CPU
		{D43588E4-A355-4EBF-A1EA-574C61DCD3E5}.Release|Any CPU.Build.0 = Release|Any CPU
	EndGlobalSection
	GlobalSection(SolutionProperties) = preSolution
		HideSolutionNode = FALSE
	EndGlobalSection
	GlobalSection(ExtensibilityGlobals) = postSolution
		SolutionGuid = {228C0284-A0F4-4DDD-86D2-4D355EB19FB5}
	EndGlobalSection
EndGlobal
